
Microsoft Visual Studio Solution File, Format Version 12.00
# Visual Studio Version 16
VisualStudioVersion = 16.0.29102.190
MinimumVisualStudioVersion = 10.0.40219.1
Project("{FAE04EC0-301F-11D3-BF4B-00C04F79EFBC}") = "BetterZzzt", "BetterZzzt.csproj", "{3246DB15-977A-497F-9455-4DAC75F962E2}"
EndProject
Global
	GlobalSection(SolutionConfigurationPlatforms) = preSolution
		Debug|Any CPU = Debug|Any CPU
		Release|Any CPU = Release|Any CPU
	EndGlobalSection
	GlobalSection(ProjectConfigurationPlatforms) = postSolution
		{3246DB15-977A-497F-9455-4DAC75F962E2}.Debug|Any CPU.ActiveCfg = Debug|Any CPU
		{3246DB15-977A-497F-9455-4DAC75F962E2}.Debug|Any CPU.Build.0 = Debug|Any CPU
		{3246DB15-977A-497F-9455-4DAC75F962E2}.Release|Any CPU.ActiveCfg = Release|Any CPU
		{3246DB15-977A-497F-9455-4DAC75F962E2}.Release|Any CPU.Build.0 = Release|Any CPU
	EndGlobalSection
	GlobalSection(SolutionProperties) = preSolution
		HideSolutionNode = FALSE
	EndGlobalSection
	GlobalSection(ExtensibilityGlobals) = postSolution
		SolutionGuid = {DF83323F-E588-4012-A6B0-73B49DB5716F}
	EndGlobalSection
EndGlobal
